// !$*UTF8*$!
{
	archiveVersion = 1;
	classes = {
	};
	objectVersion = 55;
	objects = {

/* Begin PBXBuildFile section */
		CF9B128328334E57009973DC /* AppDelegate.swift in Sources */ = {isa = PBXBuildFile; fileRef = CF9B128228334E57009973DC /* AppDelegate.swift */; };
		CF9B128528334E57009973DC /* SceneDelegate.swift in Sources */ = {isa = PBXBuildFile; fileRef = CF9B128428334E57009973DC /* SceneDelegate.swift */; };
		CF9B128728334E57009973DC /* ArtisListViewController.swift in Sources */ = {isa = PBXBuildFile; fileRef = CF9B128628334E57009973DC /* ArtisListViewController.swift */; };
		CF9B128A28334E57009973DC /* Main.storyboard in Resources */ = {isa = PBXBuildFile; fileRef = CF9B128828334E57009973DC /* Main.storyboard */; };
		CF9B128C28334E59009973DC /* Assets.xcassets in Resources */ = {isa = PBXBuildFile; fileRef = CF9B128B28334E59009973DC /* Assets.xcassets */; };
		CF9B128F28334E59009973DC /* LaunchScreen.storyboard in Resources */ = {isa = PBXBuildFile; fileRef = CF9B128D28334E59009973DC /* LaunchScreen.storyboard */; };
		CF9B129A28334E59009973DC /* Spotify_APITests.swift in Sources */ = {isa = PBXBuildFile; fileRef = CF9B129928334E59009973DC /* Spotify_APITests.swift */; };
		CF9B12A428334E59009973DC /* Spotify_APIUITests.swift in Sources */ = {isa = PBXBuildFile; fileRef = CF9B12A328334E59009973DC /* Spotify_APIUITests.swift */; };
		CF9B12A628334E59009973DC /* Spotify_APIUITestsLaunchTests.swift in Sources */ = {isa = PBXBuildFile; fileRef = CF9B12A528334E59009973DC /* Spotify_APIUITestsLaunchTests.swift */; };
		CF9B12B428336143009973DC /* ArtistListCell.swift in Sources */ = {isa = PBXBuildFile; fileRef = CF9B12B328336143009973DC /* ArtistListCell.swift */; };
		CF9B12B82834658C009973DC /* NetworkManager.swift in Sources */ = {isa = PBXBuildFile; fileRef = CF9B12B72834658C009973DC /* NetworkManager.swift */; };
/* End PBXBuildFile section */

/* Begin PBXContainerItemProxy section */
		CF9B129628334E59009973DC /* PBXContainerItemProxy */ = {
			isa = PBXContainerItemProxy;
			containerPortal = CF9B127728334E57009973DC /* Project object */;
			proxyType = 1;
			remoteGlobalIDString = CF9B127E28334E57009973DC;
			remoteInfo = Spotify_API;
		};
		CF9B12A028334E59009973DC /* PBXContainerItemProxy */ = {
			isa = PBXContainerItemProxy;
			containerPortal = CF9B127728334E57009973DC /* Project object */;
			proxyType = 1;
			remoteGlobalIDString = CF9B127E28334E57009973DC;
			remoteInfo = Spotify_API;
		};
/* End PBXContainerItemProxy section */

/* Begin PBXFileReference section */
		CF9B127F28334E57009973DC /* Spotify_API.app */ = {isa = PBXFileReference; explicitFileType = wrapper.application; includeInIndex = 0; path = Spotify_API.app; sourceTree = BUILT_PRODUCTS_DIR; };
		CF9B128228334E57009973DC /* AppDelegate.swift */ = {isa = PBXFileReference; lastKnownFileType = sourcecode.swift; path = AppDelegate.swift; sourceTree = "<group>"; };
		CF9B128428334E57009973DC /* SceneDelegate.swift */ = {isa = PBXFileReference; lastKnownFileType = sourcecode.swift; path = SceneDelegate.swift; sourceTree = "<group>"; };
		CF9B128628334E57009973DC /* ArtisListViewController.swift */ = {isa = PBXFileReference; lastKnownFileType = sourcecode.swift; path = ArtisListViewController.swift; sourceTree = "<group>"; };
		CF9B128928334E57009973DC /* Base */ = {isa = PBXFileReference; lastKnownFileType = file.storyboard; name = Base; path = Base.lproj/Main.storyboard; sourceTree = "<group>"; };
		CF9B128B28334E59009973DC /* Assets.xcassets */ = {isa = PBXFileReference; lastKnownFileType = folder.assetcatalog; path = Assets.xcassets; sourceTree = "<group>"; };
		CF9B128E28334E59009973DC /* Base */ = {isa = PBXFileReference; lastKnownFileType = file.storyboard; name = Base; path = Base.lproj/LaunchScreen.storyboard; sourceTree = "<group>"; };
		CF9B129028334E59009973DC /* Info.plist */ = {isa = PBXFileReference; lastKnownFileType = text.plist.xml; path = Info.plist; sourceTree = "<group>"; };
		CF9B129528334E59009973DC /* Spotify_APITests.xctest */ = {isa = PBXFileReference; explicitFileType = wrapper.cfbundle; includeInIndex = 0; path = Spotify_APITests.xctest; sourceTree = BUILT_PRODUCTS_DIR; };
		CF9B129928334E59009973DC /* Spotify_APITests.swift */ = {isa = PBXFileReference; lastKnownFileType = sourcecode.swift; path = Spotify_APITests.swift; sourceTree = "<group>"; };
		CF9B129F28334E59009973DC /* Spotify_APIUITests.xctest */ = {isa = PBXFileReference; explicitFileType = wrapper.cfbundle; includeInIndex = 0; path = Spotify_APIUITests.xctest; sourceTree = BUILT_PRODUCTS_DIR; };
		CF9B12A328334E59009973DC /* Spotify_APIUITests.swift */ = {isa = PBXFileReference; lastKnownFileType = sourcecode.swift; path = Spotify_APIUITests.swift; sourceTree = "<group>"; };
		CF9B12A528334E59009973DC /* Spotify_APIUITestsLaunchTests.swift */ = {isa = PBXFileReference; lastKnownFileType = sourcecode.swift; path = Spotify_APIUITestsLaunchTests.swift; sourceTree = "<group>"; };
		CF9B12B328336143009973DC /* ArtistListCell.swift */ = {isa = PBXFileReference; lastKnownFileType = sourcecode.swift; path = ArtistListCell.swift; sourceTree = "<group>"; };
		CF9B12B72834658C009973DC /* NetworkManager.swift */ = {isa = PBXFileReference; lastKnownFileType = sourcecode.swift; path = NetworkManager.swift; sourceTree = "<group>"; };
/* End PBXFileReference section */

/* Begin PBXFrameworksBuildPhase section */
		CF9B127C28334E57009973DC /* Frameworks */ = {
			isa = PBXFrameworksBuildPhase;
			buildActionMask = 2147483647;
			files = (
			);
			runOnlyForDeploymentPostprocessing = 0;
		};
		CF9B129228334E59009973DC /* Frameworks */ = {
			isa = PBXFrameworksBuildPhase;
			buildActionMask = 2147483647;
			files = (
			);
			runOnlyForDeploymentPostprocessing = 0;
		};
		CF9B129C28334E59009973DC /* Frameworks */ = {
			isa = PBXFrameworksBuildPhase;
			buildActionMask = 2147483647;
			files = (
			);
			runOnlyForDeploymentPostprocessing = 0;
		};
/* End PBXFrameworksBuildPhase section */

/* Begin PBXGroup section */
		CF9B127628334E57009973DC = {
			isa = PBXGroup;
			children = (
				CF9B128128334E57009973DC /* Spotify_API */,
				CF9B129828334E59009973DC /* Spotify_APITests */,
				CF9B12A228334E59009973DC /* Spotify_APIUITests */,
				CF9B128028334E57009973DC /* Products */,
			);
			sourceTree = "<group>";
		};
		CF9B128028334E57009973DC /* Products */ = {
			isa = PBXGroup;
			children = (
				CF9B127F28334E57009973DC /* Spotify_API.app */,
				CF9B129528334E59009973DC /* Spotify_APITests.xctest */,
				CF9B129F28334E59009973DC /* Spotify_APIUITests.xctest */,
			);
			name = Products;
			sourceTree = "<group>";
		};
		CF9B128128334E57009973DC /* Spotify_API */ = {
			isa = PBXGroup;
			children = (
				CF9B12B62834654A009973DC /* Networking */,
				CF9B12B528346510009973DC /* Model */,
				CF9B12B228334E65009973DC /* View */,
				CF9B128228334E57009973DC /* AppDelegate.swift */,
				CF9B128428334E57009973DC /* SceneDelegate.swift */,
				CF9B128628334E57009973DC /* ArtisListViewController.swift */,
				CF9B128B28334E59009973DC /* Assets.xcassets */,
				CF9B129028334E59009973DC /* Info.plist */,
				CF9B12B328336143009973DC /* ArtistListCell.swift */,
			);
			path = Spotify_API;
			sourceTree = "<group>";
		};
		CF9B129828334E59009973DC /* Spotify_APITests */ = {
			isa = PBXGroup;
			children = (
				CF9B129928334E59009973DC /* Spotify_APITests.swift */,
			);
			path = Spotify_APITests;
			sourceTree = "<group>";
		};
		CF9B12A228334E59009973DC /* Spotify_APIUITests */ = {
			isa = PBXGroup;
			children = (
				CF9B12A328334E59009973DC /* Spotify_APIUITests.swift */,
				CF9B12A528334E59009973DC /* Spotify_APIUITestsLaunchTests.swift */,
			);
			path = Spotify_APIUITests;
			sourceTree = "<group>";
		};
		CF9B12B228334E65009973DC /* View */ = {
			isa = PBXGroup;
			children = (
				CF9B128828334E57009973DC /* Main.storyboard */,
				CF9B128D28334E59009973DC /* LaunchScreen.storyboard */,
			);
			path = View;
			sourceTree = "<group>";
		};
		CF9B12B528346510009973DC /* Model */ = {
			isa = PBXGroup;
			children = (
			);
			path = Model;
			sourceTree = "<group>";
		};
		CF9B12B62834654A009973DC /* Networking */ = {
			isa = PBXGroup;
			children = (
				CF9B12B72834658C009973DC /* NetworkManager.swift */,
			);
			path = Networking;
			sourceTree = "<group>";
		};
/* End PBXGroup section */

/* Begin PBXNativeTarget section */
		CF9B127E28334E57009973DC /* Spotify_API */ = {
			isa = PBXNativeTarget;
			buildConfigurationList = CF9B12A928334E59009973DC /* Build configuration list for PBXNativeTarget "Spotify_API" */;
			buildPhases = (
				CF9B127B28334E57009973DC /* Sources */,
				CF9B127C28334E57009973DC /* Frameworks */,
				CF9B127D28334E57009973DC /* Resources */,
			);
			buildRules = (
			);
			dependencies = (
			);
			name = Spotify_API;
			productName = Spotify_API;
			productReference = CF9B127F28334E57009973DC /* Spotify_API.app */;
			productType = "com.apple.product-type.application";
		};
		CF9B129428334E59009973DC /* Spotify_APITests */ = {
			isa = PBXNativeTarget;
			buildConfigurationList = CF9B12AC28334E59009973DC /* Build configuration list for PBXNativeTarget "Spotify_APITests" */;
			buildPhases = (
				CF9B129128334E59009973DC /* Sources */,
				CF9B129228334E59009973DC /* Frameworks */,
				CF9B129328334E59009973DC /* Resources */,
			);
			buildRules = (
			);
			dependencies = (
				CF9B129728334E59009973DC /* PBXTargetDependency */,
			);
			name = Spotify_APITests;
			productName = Spotify_APITests;
			productReference = CF9B129528334E59009973DC /* Spotify_APITests.xctest */;
			productType = "com.apple.product-type.bundle.unit-test";
		};
		CF9B129E28334E59009973DC /* Spotify_APIUITests */ = {
			isa = PBXNativeTarget;
			buildConfigurationList = CF9B12AF28334E59009973DC /* Build configuration list for PBXNativeTarget "Spotify_APIUITests" */;
			buildPhases = (
				CF9B129B28334E59009973DC /* Sources */,
				CF9B129C28334E59009973DC /* Frameworks */,
				CF9B129D28334E59009973DC /* Resources */,
			);
			buildRules = (
			);
			dependencies = (
				CF9B12A128334E59009973DC /* PBXTargetDependency */,
			);
			name = Spotify_APIUITests;
			productName = Spotify_APIUITests;
			productReference = CF9B129F28334E59009973DC /* Spotify_APIUITests.xctest */;
			productType = "com.apple.product-type.bundle.ui-testing";
		};
/* End PBXNativeTarget section */

/* Begin PBXProject section */
		CF9B127728334E57009973DC /* Project object */ = {
			isa = PBXProject;
			attributes = {
				BuildIndependentTargetsInParallel = 1;
				LastSwiftUpdateCheck = 1310;
				LastUpgradeCheck = 1310;
				TargetAttributes = {
					CF9B127E28334E57009973DC = {
						CreatedOnToolsVersion = 13.1;
					};
					CF9B129428334E59009973DC = {
						CreatedOnToolsVersion = 13.1;
						TestTargetID = CF9B127E28334E57009973DC;
					};
					CF9B129E28334E59009973DC = {
						CreatedOnToolsVersion = 13.1;
						TestTargetID = CF9B127E28334E57009973DC;
					};
				};
			};
			buildConfigurationList = CF9B127A28334E57009973DC /* Build configuration list for PBXProject "Spotify_API" */;
			compatibilityVersion = "Xcode 13.0";
			developmentRegion = en;
			hasScannedForEncodings = 0;
			knownRegions = (
				en,
				Base,
			);
			mainGroup = CF9B127628334E57009973DC;
			productRefGroup = CF9B128028334E57009973DC /* Products */;
			projectDirPath = "";
			projectRoot = "";
			targets = (
				CF9B127E28334E57009973DC /* Spotify_API */,
				CF9B129428334E59009973DC /* Spotify_APITests */,
				CF9B129E28334E59009973DC /* Spotify_APIUITests */,
			);
		};
/* End PBXProject section */

/* Begin PBXResourcesBuildPhase section */
		CF9B127D28334E57009973DC /* Resources */ = {
			isa = PBXResourcesBuildPhase;
			buildActionMask = 2147483647;
			files = (
				CF9B128F28334E59009973DC /* LaunchScreen.storyboard in Resources */,
				CF9B128C28334E59009973DC /* Assets.xcassets in Resources */,
				CF9B128A28334E57009973DC /* Main.storyboard in Resources */,
			);
			runOnlyForDeploymentPostprocessing = 0;
		};
		CF9B129328334E59009973DC /* Resources */ = {
			isa = PBXResourcesBuildPhase;
			buildActionMask = 2147483647;
			files = (
			);
			runOnlyForDeploymentPostprocessing = 0;
		};
		CF9B129D28334E59009973DC /* Resources */ = {
			isa = PBXResourcesBuildPhase;
			buildActionMask = 2147483647;
			files = (
			);
			runOnlyForDeploymentPostprocessing = 0;
		};
/* End PBXResourcesBuildPhase section */

/* Begin PBXSourcesBuildPhase section */
		CF9B127B28334E57009973DC /* Sources */ = {
			isa = PBXSourcesBuildPhase;
			buildActionMask = 2147483647;
			files = (
				CF9B128728334E57009973DC /* ArtisListViewController.swift in Sources */,
				CF9B128328334E57009973DC /* AppDelegate.swift in Sources */,
				CF9B12B82834658C009973DC /* NetworkManager.swift in Sources */,
				CF9B12B428336143009973DC /* ArtistListCell.swift in Sources */,
				CF9B128528334E57009973DC /* SceneDelegate.swift in Sources */,
			);
			runOnlyForDeploymentPostprocessing = 0;
		};
		CF9B129128334E59009973DC /* Sources */ = {
			isa = PBXSourcesBuildPhase;
			buildActionMask = 2147483647;
			files = (
				CF9B129A28334E59009973DC /* Spotify_APITests.swift in Sources */,
			);
			runOnlyForDeploymentPostprocessing = 0;
		};
		CF9B129B28334E59009973DC /* Sources */ = {
			isa = PBXSourcesBuildPhase;
			buildActionMask = 2147483647;
			files = (
				CF9B12A628334E59009973DC /* Spotify_APIUITestsLaunchTests.swift in Sources */,
				CF9B12A428334E59009973DC /* Spotify_APIUITests.swift in Sources */,
			);
			runOnlyForDeploymentPostprocessing = 0;
		};
/* End PBXSourcesBuildPhase section */

/* Begin PBXTargetDependency section */
		CF9B129728334E59009973DC /* PBXTargetDependency */ = {
			isa = PBXTargetDependency;
			target = CF9B127E28334E57009973DC /* Spotify_API */;
			targetProxy = CF9B129628334E59009973DC /* PBXContainerItemProxy */;
		};
		CF9B12A128334E59009973DC /* PBXTargetDependency */ = {
			isa = PBXTargetDependency;
			target = CF9B127E28334E57009973DC /* Spotify_API */;
			targetProxy = CF9B12A028334E59009973DC /* PBXContainerItemProxy */;
		};
/* End PBXTargetDependency section */

/* Begin PBXVariantGroup section */
		CF9B128828334E57009973DC /* Main.storyboard */ = {
			isa = PBXVariantGroup;
			children = (
				CF9B128928334E57009973DC /* Base */,
			);
			name = Main.storyboard;
			sourceTree = "<group>";
		};
		CF9B128D28334E59009973DC /* LaunchScreen.storyboard */ = {
			isa = PBXVariantGroup;
			children = (
				CF9B128E28334E59009973DC /* Base */,
			);
			name = LaunchScreen.storyboard;
			sourceTree = "<group>";
		};
/* End PBXVariantGroup section */

/* Begin XCBuildConfiguration section */
		CF9B12A728334E59009973DC /* Debug */ = {
			isa = XCBuildConfiguration;
			buildSettings = {
				ALWAYS_SEARCH_USER_PATHS = NO;
				CLANG_ANALYZER_NONNULL = YES;
				CLANG_ANALYZER_NUMBER_OBJECT_CONVERSION = YES_AGGRESSIVE;
				CLANG_CXX_LANGUAGE_STANDARD = "gnu++17";
				CLANG_CXX_LIBRARY = "libc++";
				CLANG_ENABLE_MODULES = YES;
				CLANG_ENABLE_OBJC_ARC = YES;
				CLANG_ENABLE_OBJC_WEAK = YES;
				CLANG_WARN_BLOCK_CAPTURE_AUTORELEASING = YES;
				CLANG_WARN_BOOL_CONVERSION = YES;
				CLANG_WARN_COMMA = YES;
				CLANG_WARN_CONSTANT_CONVERSION = YES;
				CLANG_WARN_DEPRECATED_OBJC_IMPLEMENTATIONS = YES;
				CLANG_WARN_DIRECT_OBJC_ISA_USAGE = YES_ERROR;
				CLANG_WARN_DOCUMENTATION_COMMENTS = YES;
				CLANG_WARN_EMPTY_BODY = YES;
				CLANG_WARN_ENUM_CONVERSION = YES;
				CLANG_WARN_INFINITE_RECURSION = YES;
				CLANG_WARN_INT_CONVERSION = YES;
				CLANG_WARN_NON_LITERAL_NULL_CONVERSION = YES;
				CLANG_WARN_OBJC_IMPLICIT_RETAIN_SELF = YES;
				CLANG_WARN_OBJC_LITERAL_CONVERSION = YES;
				CLANG_WARN_OBJC_ROOT_CLASS = YES_ERROR;
				CLANG_WARN_QUOTED_INCLUDE_IN_FRAMEWORK_HEADER = YES;
				CLANG_WARN_RANGE_LOOP_ANALYSIS = YES;
				CLANG_WARN_STRICT_PROTOTYPES = YES;
				CLANG_WARN_SUSPICIOUS_MOVE = YES;
				CLANG_WARN_UNGUARDED_AVAILABILITY = YES_AGGRESSIVE;
				CLANG_WARN_UNREACHABLE_CODE = YES;
				CLANG_WARN__DUPLICATE_METHOD_MATCH = YES;
				COPY_PHASE_STRIP = NO;
				DEBUG_INFORMATION_FORMAT = dwarf;
				ENABLE_STRICT_OBJC_MSGSEND = YES;
				ENABLE_TESTABILITY = YES;
				GCC_C_LANGUAGE_STANDARD = gnu11;
				GCC_DYNAMIC_NO_PIC = NO;
				GCC_NO_COMMON_BLOCKS = YES;
				GCC_OPTIMIZATION_LEVEL = 0;
				GCC_PREPROCESSOR_DEFINITIONS = (
					"DEBUG=1",
					"$(inherited)",
				);
				GCC_WARN_64_TO_32_BIT_CONVERSION = YES;
				GCC_WARN_ABOUT_RETURN_TYPE = YES_ERROR;
				GCC_WARN_UNDECLARED_SELECTOR = YES;
				GCC_WARN_UNINITIALIZED_AUTOS = YES_AGGRESSIVE;
				GCC_WARN_UNUSED_FUNCTION = YES;
				GCC_WARN_UNUSED_VARIABLE = YES;
				IPHONEOS_DEPLOYMENT_TARGET = 15.0;
				MTL_ENABLE_DEBUG_INFO = INCLUDE_SOURCE;
				MTL_FAST_MATH = YES;
				ONLY_ACTIVE_ARCH = YES;
				SDKROOT = iphoneos;
				SWIFT_ACTIVE_COMPILATION_CONDITIONS = DEBUG;
				SWIFT_OPTIMIZATION_LEVEL = "-Onone";
			};
			name = Debug;
		};
		CF9B12A828334E59009973DC /* Release */ = {
			isa = XCBuildConfiguration;
			buildSettings = {
				ALWAYS_SEARCH_USER_PATHS = NO;
				CLANG_ANALYZER_NONNULL = YES;
				CLANG_ANALYZER_NUMBER_OBJECT_CONVERSION = YES_AGGRESSIVE;
				CLANG_CXX_LANGUAGE_STANDARD = "gnu++17";
				CLANG_CXX_LIBRARY = "libc++";
				CLANG_ENABLE_MODULES = YES;
				CLANG_ENABLE_OBJC_ARC = YES;
				CLANG_ENABLE_OBJC_WEAK = YES;
				CLANG_WARN_BLOCK_CAPTURE_AUTORELEASING = YES;
				CLANG_WARN_BOOL_CONVERSION = YES;
				CLANG_WARN_COMMA = YES;
				CLANG_WARN_CONSTANT_CONVERSION = YES;
				CLANG_WARN_DEPRECATED_OBJC_IMPLEMENTATIONS = YES;
				CLANG_WARN_DIRECT_OBJC_ISA_USAGE = YES_ERROR;
				CLANG_WARN_DOCUMENTATION_COMMENTS = YES;
				CLANG_WARN_EMPTY_BODY = YES;
				CLANG_WARN_ENUM_CONVERSION = YES;
				CLANG_WARN_INFINITE_RECURSION = YES;
				CLANG_WARN_INT_CONVERSION = YES;
				CLANG_WARN_NON_LITERAL_NULL_CONVERSION = YES;
				CLANG_WARN_OBJC_IMPLICIT_RETAIN_SELF = YES;
				CLANG_WARN_OBJC_LITERAL_CONVERSION = YES;
				CLANG_WARN_OBJC_ROOT_CLASS = YES_ERROR;
				CLANG_WARN_QUOTED_INCLUDE_IN_FRAMEWORK_HEADER = YES;
				CLANG_WARN_RANGE_LOOP_ANALYSIS = YES;
				CLANG_WARN_STRICT_PROTOTYPES = YES;
				CLANG_WARN_SUSPICIOUS_MOVE = YES;
				CLANG_WARN_UNGUARDED_AVAILABILITY = YES_AGGRESSIVE;
				CLANG_WARN_UNREACHABLE_CODE = YES;
				CLANG_WARN__DUPLICATE_METHOD_MATCH = YES;
				COPY_PHASE_STRIP = NO;
				DEBUG_INFORMATION_FORMAT = "dwarf-with-dsym";
				ENABLE_NS_ASSERTIONS = NO;
				ENABLE_STRICT_OBJC_MSGSEND = YES;
				GCC_C_LANGUAGE_STANDARD = gnu11;
				GCC_NO_COMMON_BLOCKS = YES;
				GCC_WARN_64_TO_32_BIT_CONVERSION = YES;
				GCC_WARN_ABOUT_RETURN_TYPE = YES_ERROR;
				GCC_WARN_UNDECLARED_SELECTOR = YES;
				GCC_WARN_UNINITIALIZED_AUTOS = YES_AGGRESSIVE;
				GCC_WARN_UNUSED_FUNCTION = YES;
				GCC_WARN_UNUSED_VARIABLE = YES;
				IPHONEOS_DEPLOYMENT_TARGET = 15.0;
				MTL_ENABLE_DEBUG_INFO = NO;
				MTL_FAST_MATH = YES;
				SDKROOT = iphoneos;
				SWIFT_COMPILATION_MODE = wholemodule;
				SWIFT_OPTIMIZATION_LEVEL = "-O";
				VALIDATE_PRODUCT = YES;
			};
			name = Release;
		};
		CF9B12AA28334E59009973DC /* Debug */ = {
			isa = XCBuildConfiguration;
			buildSettings = {
				ASSETCATALOG_COMPILER_APPICON_NAME = AppIcon;
				ASSETCATALOG_COMPILER_GLOBAL_ACCENT_COLOR_NAME = AccentColor;
				CODE_SIGN_STYLE = Automatic;
				CURRENT_PROJECT_VERSION = 1;
				GENERATE_INFOPLIST_FILE = YES;
				INFOPLIST_FILE = Spotify_API/Info.plist;
				INFOPLIST_KEY_UIApplicationSupportsIndirectInputEvents = YES;
				INFOPLIST_KEY_UILaunchStoryboardName = LaunchScreen;
				INFOPLIST_KEY_UIMainStoryboardFile = Main;
				INFOPLIST_KEY_UISupportedInterfaceOrientations_iPad = "UIInterfaceOrientationPortrait UIInterfaceOrientationPortraitUpsideDown UIInterfaceOrientationLandscapeLeft UIInterfaceOrientationLandscapeRight";
				INFOPLIST_KEY_UISupportedInterfaceOrientations_iPhone = "UIInterfaceOrientationPortrait UIInterfaceOrientationLandscapeLeft UIInterfaceOrientationLandscapeRight";
				LD_RUNPATH_SEARCH_PATHS = (
					"$(inherited)",
					"@executable_path/Frameworks",
				);
				MARKETING_VERSION = 1.0;
				PRODUCT_BUNDLE_IDENTIFIER = "com.LVLVirginiaLombardi.Spotify-API";
				PRODUCT_NAME = "$(TARGET_NAME)";
				SWIFT_EMIT_LOC_STRINGS = YES;
				SWIFT_VERSION = 5.0;
				TARGETED_DEVICE_FAMILY = 1;
			};
			name = Debug;
		};
		CF9B12AB28334E59009973DC /* Release */ = {
			isa = XCBuildConfiguration;
			buildSettings = {
				ASSETCATALOG_COMPILER_APPICON_NAME = AppIcon;
				ASSETCATALOG_COMPILER_GLOBAL_ACCENT_COLOR_NAME = AccentColor;
				CODE_SIGN_STYLE = Automatic;
				CURRENT_PROJECT_VERSION = 1;
				GENERATE_INFOPLIST_FILE = YES;
				INFOPLIST_FILE = Spotify_API/Info.plist;
				INFOPLIST_KEY_UIApplicationSupportsIndirectInputEvents = YES;
				INFOPLIST_KEY_UILaunchStoryboardName = LaunchScreen;
				INFOPLIST_KEY_UIMainStoryboardFile = Main;
				INFOPLIST_KEY_UISupportedInterfaceOrientations_iPad = "UIInterfaceOrientationPortrait UIInterfaceOrientationPortraitUpsideDown UIInterfaceOrientationLandscapeLeft UIInterfaceOrientationLandscapeRight";
				INFOPLIST_KEY_UISupportedInterfaceOrientations_iPhone = "UIInterfaceOrientationPortrait UIInterfaceOrientationLandscapeLeft UIInterfaceOrientationLandscapeRight";
				LD_RUNPATH_SEARCH_PATHS = (
					"$(inherited)",
					"@executable_path/Frameworks",
				);
				MARKETING_VERSION = 1.0;
				PRODUCT_BUNDLE_IDENTIFIER = "com.LVLVirginiaLombardi.Spotify-API";
				PRODUCT_NAME = "$(TARGET_NAME)";
				SWIFT_EMIT_LOC_STRINGS = YES;
				SWIFT_VERSION = 5.0;
				TARGETED_DEVICE_FAMILY = 1;
			};
			name = Release;
		};
		CF9B12AD28334E59009973DC /* Debug */ = {
			isa = XCBuildConfiguration;
			buildSettings = {
				ALWAYS_EMBED_SWIFT_STANDARD_LIBRARIES = YES;
				BUNDLE_LOADER = "$(TEST_HOST)";
				CODE_SIGN_STYLE = Automatic;
				CURRENT_PROJECT_VERSION = 1;
				GENERATE_INFOPLIST_FILE = YES;
				IPHONEOS_DEPLOYMENT_TARGET = 15.0;
				LD_RUNPATH_SEARCH_PATHS = (
					"$(inherited)",
					"@executable_path/Frameworks",
					"@loader_path/Frameworks",
				);
				MARKETING_VERSION = 1.0;
				PRODUCT_BUNDLE_IDENTIFIER = "com.LVLVirginiaLombardi.Spotify-APITests";
				PRODUCT_NAME = "$(TARGET_NAME)";
				SWIFT_EMIT_LOC_STRINGS = NO;
				SWIFT_VERSION = 5.0;
				TARGETED_DEVICE_FAMILY = "1,2";
				TEST_HOST = "$(BUILT_PRODUCTS_DIR)/Spotify_API.app/Spotify_API";
			};
			name = Debug;
		};
		CF9B12AE28334E59009973DC /* Release */ = {
			isa = XCBuildConfiguration;
			buildSettings = {
				ALWAYS_EMBED_SWIFT_STANDARD_LIBRARIES = YES;
				BUNDLE_LOADER = "$(TEST_HOST)";
				CODE_SIGN_STYLE = Automatic;
				CURRENT_PROJECT_VERSION = 1;
				GENERATE_INFOPLIST_FILE = YES;
				IPHONEOS_DEPLOYMENT_TARGET = 15.0;
				LD_RUNPATH_SEARCH_PATHS = (
					"$(inherited)",
					"@executable_path/Frameworks",
					"@loader_path/Frameworks",
				);
				MARKETING_VERSION = 1.0;
				PRODUCT_BUNDLE_IDENTIFIER = "com.LVLVirginiaLombardi.Spotify-APITests";
				PRODUCT_NAME = "$(TARGET_NAME)";
				SWIFT_EMIT_LOC_STRINGS = NO;
				SWIFT_VERSION = 5.0;
				TARGETED_DEVICE_FAMILY = "1,2";
				TEST_HOST = "$(BUILT_PRODUCTS_DIR)/Spotify_API.app/Spotify_API";
			};
			name = Release;
		};
		CF9B12B028334E59009973DC /* Debug */ = {
			isa = XCBuildConfiguration;
			buildSettings = {
				ALWAYS_EMBED_SWIFT_STANDARD_LIBRARIES = YES;
				CODE_SIGN_STYLE = Automatic;
				CURRENT_PROJECT_VERSION = 1;
				GENERATE_INFOPLIST_FILE = YES;
				LD_RUNPATH_SEARCH_PATHS = (
					"$(inherited)",
					"@executable_path/Frameworks",
					"@loader_path/Frameworks",
				);
				MARKETING_VERSION = 1.0;
				PRODUCT_BUNDLE_IDENTIFIER = "com.LVLVirginiaLombardi.Spotify-APIUITests";
				PRODUCT_NAME = "$(TARGET_NAME)";
				SWIFT_EMIT_LOC_STRINGS = NO;
				SWIFT_VERSION = 5.0;
				TARGETED_DEVICE_FAMILY = "1,2";
				TEST_TARGET_NAME = Spotify_API;
			};
			name = Debug;
		};
		CF9B12B128334E59009973DC /* Release */ = {
			isa = XCBuildConfiguration;
			buildSettings = {
				ALWAYS_EMBED_SWIFT_STANDARD_LIBRARIES = YES;
				CODE_SIGN_STYLE = Automatic;
				CURRENT_PROJECT_VERSION = 1;
				GENERATE_INFOPLIST_FILE = YES;
				LD_RUNPATH_SEARCH_PATHS = (
					"$(inherited)",
					"@executable_path/Frameworks",
					"@loader_path/Frameworks",
				);
				MARKETING_VERSION = 1.0;
				PRODUCT_BUNDLE_IDENTIFIER = "com.LVLVirginiaLombardi.Spotify-APIUITests";
				PRODUCT_NAME = "$(TARGET_NAME)";
				SWIFT_EMIT_LOC_STRINGS = NO;
				SWIFT_VERSION = 5.0;
				TARGETED_DEVICE_FAMILY = "1,2";
				TEST_TARGET_NAME = Spotify_API;
			};
			name = Release;
		};
/* End XCBuildConfiguration section */

/* Begin XCConfigurationList section */
		CF9B127A28334E57009973DC /* Build configuration list for PBXProject "Spotify_API" */ = {
			isa = XCConfigurationList;
			buildConfigurations = (
				CF9B12A728334E59009973DC /* Debug */,
				CF9B12A828334E59009973DC /* Release */,
			);
			defaultConfigurationIsVisible = 0;
			defaultConfigurationName = Release;
		};
		CF9B12A928334E59009973DC /* Build configuration list for PBXNativeTarget "Spotify_API" */ = {
			isa = XCConfigurationList;
			buildConfigurations = (
				CF9B12AA28334E59009973DC /* Debug */,
				CF9B12AB28334E59009973DC /* Release */,
			);
			defaultConfigurationIsVisible = 0;
			defaultConfigurationName = Release;
		};
		CF9B12AC28334E59009973DC /* Build configuration list for PBXNativeTarget "Spotify_APITests" */ = {
			isa = XCConfigurationList;
			buildConfigurations = (
				CF9B12AD28334E59009973DC /* Debug */,
				CF9B12AE28334E59009973DC /* Release */,
			);
			defaultConfigurationIsVisible = 0;
			defaultConfigurationName = Release;
		};
		CF9B12AF28334E59009973DC /* Build configuration list for PBXNativeTarget "Spotify_APIUITests" */ = {
			isa = XCConfigurationList;
			buildConfigurations = (
				CF9B12B028334E59009973DC /* Debug */,
				CF9B12B128334E59009973DC /* Release */,
			);
			defaultConfigurationIsVisible = 0;
			defaultConfigurationName = Release;
		};
/* End XCConfigurationList section */
	};
	rootObject = CF9B127728334E57009973DC /* Project object */;
}
